
Microsoft Visual Studio Solution File, Format Version 12.00
# Visual Studio Version 17
VisualStudioVersion = 17.2.32519.379
MinimumVisualStudioVersion = 10.0.40219.1
Project("{FAE04EC0-301F-11D3-BF4B-00C04F79EFBC}") = "Fiorello_Front_To_Back", "Fiorello_Front_To_Back\Fiorello_Front_To_Back.csproj", "{8D0D64B3-6AEA-4ACE-8E18-56915305F0C7}"
EndProject
Global
	GlobalSection(SolutionConfigurationPlatforms) = preSolution
		Debug|Any CPU = Debug|Any CPU
		Release|Any CPU = Release|Any CPU
	EndGlobalSection
	GlobalSection(ProjectConfigurationPlatforms) = postSolution
		{8D0D64B3-6AEA-4ACE-8E18-56915305F0C7}.Debug|Any CPU.ActiveCfg = Debug|Any CPU
		{8D0D64B3-6AEA-4ACE-8E18-56915305F0C7}.Debug|Any CPU.Build.0 = Debug|Any CPU
		{8D0D64B3-6AEA-4ACE-8E18-56915305F0C7}.Release|Any CPU.ActiveCfg = Release|Any CPU
		{8D0D64B3-6AEA-4ACE-8E18-56915305F0C7}.Release|Any CPU.Build.0 = Release|Any CPU
	EndGlobalSection
	GlobalSection(SolutionProperties) = preSolution
		HideSolutionNode = FALSE
	EndGlobalSection
	GlobalSection(ExtensibilityGlobals) = postSolution
		SolutionGuid = {0389F1C6-EE70-4CE4-8DC8-042C07450438}
	EndGlobalSection
EndGlobal
